// !$*UTF8*$!
{
	archiveVersion = 1;
	classes = {
	};
	objectVersion = 51;
	objects = {

/* Begin PBXBuildFile section */
		288DBDADD324DB2FBFE9BDC6 /* Pods_IOS_Assignment2_ToDoApp.framework in Frameworks */ = {isa = PBXBuildFile; fileRef = C0A755E00DC6903F4AB418AB /* Pods_IOS_Assignment2_ToDoApp.framework */; };
		694E73CE239646A800410977 /* AppDelegate.swift in Sources */ = {isa = PBXBuildFile; fileRef = 694E73CD239646A800410977 /* AppDelegate.swift */; };
		694E73D0239646A800410977 /* SceneDelegate.swift in Sources */ = {isa = PBXBuildFile; fileRef = 694E73CF239646A800410977 /* SceneDelegate.swift */; };
		694E73D2239646A800410977 /* ViewController.swift in Sources */ = {isa = PBXBuildFile; fileRef = 694E73D1239646A800410977 /* ViewController.swift */; };
		694E73D5239646A800410977 /* Main.storyboard in Resources */ = {isa = PBXBuildFile; fileRef = 694E73D3239646A800410977 /* Main.storyboard */; };
		694E73D7239646AA00410977 /* Assets.xcassets in Resources */ = {isa = PBXBuildFile; fileRef = 694E73D6239646AA00410977 /* Assets.xcassets */; };
		694E73DA239646AA00410977 /* LaunchScreen.storyboard in Resources */ = {isa = PBXBuildFile; fileRef = 694E73D8239646AA00410977 /* LaunchScreen.storyboard */; };
		694E73E223964BDD00410977 /* GoogleService-Info.plist in Resources */ = {isa = PBXBuildFile; fileRef = 694E73E123964BDD00410977 /* GoogleService-Info.plist */; };
		69F9EAE223985CBE006D51D1 /* SignUpViewController.swift in Sources */ = {isa = PBXBuildFile; fileRef = 69F9EAE123985CBE006D51D1 /* SignUpViewController.swift */; };
		69F9EAE423986199006D51D1 /* MainViewController.swift in Sources */ = {isa = PBXBuildFile; fileRef = 69F9EAE323986199006D51D1 /* MainViewController.swift */; };
		69F9EAE623987429006D51D1 /* AddDiscrptionViewController.swift in Sources */ = {isa = PBXBuildFile; fileRef = 69F9EAE523987429006D51D1 /* AddDiscrptionViewController.swift */; };
/* End PBXBuildFile section */

/* Begin PBXFileReference section */
		641A931DA6D53947B7087958 /* Pods-IOS_Assignment2_ToDoApp.release.xcconfig */ = {isa = PBXFileReference; includeInIndex = 1; lastKnownFileType = text.xcconfig; name = "Pods-IOS_Assignment2_ToDoApp.release.xcconfig"; path = "Target Support Files/Pods-IOS_Assignment2_ToDoApp/Pods-IOS_Assignment2_ToDoApp.release.xcconfig"; sourceTree = "<group>"; };
		694E73CA239646A800410977 /* IOS_Assignment2_ToDoApp.app */ = {isa = PBXFileReference; explicitFileType = wrapper.application; includeInIndex = 0; path = IOS_Assignment2_ToDoApp.app; sourceTree = BUILT_PRODUCTS_DIR; };
		694E73CD239646A800410977 /* AppDelegate.swift */ = {isa = PBXFileReference; lastKnownFileType = sourcecode.swift; path = AppDelegate.swift; sourceTree = "<group>"; };
		694E73CF239646A800410977 /* SceneDelegate.swift */ = {isa = PBXFileReference; lastKnownFileType = sourcecode.swift; path = SceneDelegate.swift; sourceTree = "<group>"; };
		694E73D1239646A800410977 /* ViewController.swift */ = {isa = PBXFileReference; lastKnownFileType = sourcecode.swift; path = ViewController.swift; sourceTree = "<group>"; };
		694E73D4239646A800410977 /* Base */ = {isa = PBXFileReference; lastKnownFileType = file.storyboard; name = Base; path = Base.lproj/Main.storyboard; sourceTree = "<group>"; };
		694E73D6239646AA00410977 /* Assets.xcassets */ = {isa = PBXFileReference; lastKnownFileType = folder.assetcatalog; path = Assets.xcassets; sourceTree = "<group>"; };
		694E73D9239646AA00410977 /* Base */ = {isa = PBXFileReference; lastKnownFileType = file.storyboard; name = Base; path = Base.lproj/LaunchScreen.storyboard; sourceTree = "<group>"; };
		694E73DB239646AA00410977 /* Info.plist */ = {isa = PBXFileReference; lastKnownFileType = text.plist.xml; path = Info.plist; sourceTree = "<group>"; };
		694E73E123964BDD00410977 /* GoogleService-Info.plist */ = {isa = PBXFileReference; fileEncoding = 4; lastKnownFileType = text.plist.xml; path = "GoogleService-Info.plist"; sourceTree = "<group>"; };
		69F9EAE123985CBE006D51D1 /* SignUpViewController.swift */ = {isa = PBXFileReference; lastKnownFileType = sourcecode.swift; path = SignUpViewController.swift; sourceTree = "<group>"; };
		69F9EAE323986199006D51D1 /* MainViewController.swift */ = {isa = PBXFileReference; lastKnownFileType = sourcecode.swift; path = MainViewController.swift; sourceTree = "<group>"; };
		69F9EAE523987429006D51D1 /* AddDiscrptionViewController.swift */ = {isa = PBXFileReference; lastKnownFileType = sourcecode.swift; path = AddDiscrptionViewController.swift; sourceTree = "<group>"; };
		6FBC65E1C7499C5D915F2F63 /* Pods-IOS_Assignment2_ToDoApp.debug.xcconfig */ = {isa = PBXFileReference; includeInIndex = 1; lastKnownFileType = text.xcconfig; name = "Pods-IOS_Assignment2_ToDoApp.debug.xcconfig"; path = "Target Support Files/Pods-IOS_Assignment2_ToDoApp/Pods-IOS_Assignment2_ToDoApp.debug.xcconfig"; sourceTree = "<group>"; };
		C0A755E00DC6903F4AB418AB /* Pods_IOS_Assignment2_ToDoApp.framework */ = {isa = PBXFileReference; explicitFileType = wrapper.framework; includeInIndex = 0; path = Pods_IOS_Assignment2_ToDoApp.framework; sourceTree = BUILT_PRODUCTS_DIR; };
/* End PBXFileReference section */

/* Begin PBXFrameworksBuildPhase section */
		694E73C7239646A800410977 /* Frameworks */ = {
			isa = PBXFrameworksBuildPhase;
			buildActionMask = 2147483647;
			files = (
				288DBDADD324DB2FBFE9BDC6 /* Pods_IOS_Assignment2_ToDoApp.framework in Frameworks */,
			);
			runOnlyForDeploymentPostprocessing = 0;
		};
/* End PBXFrameworksBuildPhase section */

/* Begin PBXGroup section */
		05A773EE204166698BC0E7CF /* Pods */ = {
			isa = PBXGroup;
			children = (
				6FBC65E1C7499C5D915F2F63 /* Pods-IOS_Assignment2_ToDoApp.debug.xcconfig */,
				641A931DA6D53947B7087958 /* Pods-IOS_Assignment2_ToDoApp.release.xcconfig */,
			);
			path = Pods;
			sourceTree = "<group>";
		};
		694E73C1239646A800410977 = {
			isa = PBXGroup;
			children = (
				694E73CC239646A800410977 /* IOS_Assignment2_ToDoApp */,
				694E73CB239646A800410977 /* Products */,
				05A773EE204166698BC0E7CF /* Pods */,
				DCE508C7EA2DE0652A230BA5 /* Frameworks */,
			);
			sourceTree = "<group>";
		};
		694E73CB239646A800410977 /* Products */ = {
			isa = PBXGroup;
			children = (
				694E73CA239646A800410977 /* IOS_Assignment2_ToDoApp.app */,
			);
			name = Products;
			sourceTree = "<group>";
		};
		694E73CC239646A800410977 /* IOS_Assignment2_ToDoApp */ = {
			isa = PBXGroup;
			children = (
				694E73CD239646A800410977 /* AppDelegate.swift */,
				694E73CF239646A800410977 /* SceneDelegate.swift */,
				694E73D1239646A800410977 /* ViewController.swift */,
				694E73D3239646A800410977 /* Main.storyboard */,
				694E73D6239646AA00410977 /* Assets.xcassets */,
				694E73D8239646AA00410977 /* LaunchScreen.storyboard */,
				694E73E123964BDD00410977 /* GoogleService-Info.plist */,
				694E73DB239646AA00410977 /* Info.plist */,
				69F9EAE123985CBE006D51D1 /* SignUpViewController.swift */,
				69F9EAE323986199006D51D1 /* MainViewController.swift */,
				69F9EAE523987429006D51D1 /* AddDiscrptionViewController.swift */,
			);
			path = IOS_Assignment2_ToDoApp;
			sourceTree = "<group>";
		};
		DCE508C7EA2DE0652A230BA5 /* Frameworks */ = {
			isa = PBXGroup;
			children = (
				C0A755E00DC6903F4AB418AB /* Pods_IOS_Assignment2_ToDoApp.framework */,
			);
			name = Frameworks;
			sourceTree = "<group>";
		};
/* End PBXGroup section */

/* Begin PBXNativeTarget section */
		694E73C9239646A800410977 /* IOS_Assignment2_ToDoApp */ = {
			isa = PBXNativeTarget;
			buildConfigurationList = 694E73DE239646AA00410977 /* Build configuration list for PBXNativeTarget "IOS_Assignment2_ToDoApp" */;
			buildPhases = (
				50399A7356FBC8A19317443F /* [CP] Check Pods Manifest.lock */,
				694E73C6239646A800410977 /* Sources */,
				694E73C7239646A800410977 /* Frameworks */,
				694E73C8239646A800410977 /* Resources */,
				A305F984B24196210564F408 /* [CP] Embed Pods Frameworks */,
			);
			buildRules = (
			);
			dependencies = (
			);
			name = IOS_Assignment2_ToDoApp;
			productName = IOS_Assignment2_ToDoApp;
			productReference = 694E73CA239646A800410977 /* IOS_Assignment2_ToDoApp.app */;
			productType = "com.apple.product-type.application";
		};
/* End PBXNativeTarget section */

/* Begin PBXProject section */
		694E73C2239646A800410977 /* Project object */ = {
			isa = PBXProject;
			attributes = {
				LastSwiftUpdateCheck = 1110;
				LastUpgradeCheck = 1110;
				ORGANIZATIONNAME = "Harnam kaur";
				TargetAttributes = {
					694E73C9239646A800410977 = {
						CreatedOnToolsVersion = 11.1;
					};
				};
			};
			buildConfigurationList = 694E73C5239646A800410977 /* Build configuration list for PBXProject "IOS_Assignment2_ToDoApp" */;
			compatibilityVersion = "Xcode 9.3";
			developmentRegion = en;
			hasScannedForEncodings = 0;
			knownRegions = (
				en,
				Base,
			);
			mainGroup = 694E73C1239646A800410977;
			productRefGroup = 694E73CB239646A800410977 /* Products */;
			projectDirPath = "";
			projectRoot = "";
			targets = (
				694E73C9239646A800410977 /* IOS_Assignment2_ToDoApp */,
			);
		};
/* End PBXProject section */

/* Begin PBXResourcesBuildPhase section */
		694E73C8239646A800410977 /* Resources */ = {
			isa = PBXResourcesBuildPhase;
			buildActionMask = 2147483647;
			files = (
				694E73DA239646AA00410977 /* LaunchScreen.storyboard in Resources */,
				694E73E223964BDD00410977 /* GoogleService-Info.plist in Resources */,
				694E73D7239646AA00410977 /* Assets.xcassets in Resources */,
				694E73D5239646A800410977 /* Main.storyboard in Resources */,
			);
			runOnlyForDeploymentPostprocessing = 0;
		};
/* End PBXResourcesBuildPhase section */

/* Begin PBXShellScriptBuildPhase section */
		50399A7356FBC8A19317443F /* [CP] Check Pods Manifest.lock */ = {
			isa = PBXShellScriptBuildPhase;
			buildActionMask = 2147483647;
			files = (
			);
			inputFileListPaths = (
			);
			inputPaths = (
				"${PODS_PODFILE_DIR_PATH}/Podfile.lock",
				"${PODS_ROOT}/Manifest.lock",
			);
			name = "[CP] Check Pods Manifest.lock";
			outputFileListPaths = (
			);
			outputPaths = (
				"$(DERIVED_FILE_DIR)/Pods-IOS_Assignment2_ToDoApp-checkManifestLockResult.txt",
			);
			runOnlyForDeploymentPostprocessing = 0;
			shellPath = /bin/sh;
			shellScript = "diff \"${PODS_PODFILE_DIR_PATH}/Podfile.lock\" \"${PODS_ROOT}/Manifest.lock\" > /dev/null\nif [ $? != 0 ] ; then\n    # print error to STDERR\n    echo \"error: The sandbox is not in sync with the Podfile.lock. Run 'pod install' or update your CocoaPods installation.\" >&2\n    exit 1\nfi\n# This output is used by Xcode 'outputs' to avoid re-running this script phase.\necho \"SUCCESS\" > \"${SCRIPT_OUTPUT_FILE_0}\"\n";
			showEnvVarsInLog = 0;
		};
		A305F984B24196210564F408 /* [CP] Embed Pods Frameworks */ = {
			isa = PBXShellScriptBuildPhase;
			buildActionMask = 2147483647;
			files = (
			);
			inputFileListPaths = (
				"${PODS_ROOT}/Target Support Files/Pods-IOS_Assignment2_ToDoApp/Pods-IOS_Assignment2_ToDoApp-frameworks-${CONFIGURATION}-input-files.xcfilelist",
			);
			name = "[CP] Embed Pods Frameworks";
			outputFileListPaths = (
				"${PODS_ROOT}/Target Support Files/Pods-IOS_Assignment2_ToDoApp/Pods-IOS_Assignment2_ToDoApp-frameworks-${CONFIGURATION}-output-files.xcfilelist",
			);
			runOnlyForDeploymentPostprocessing = 0;
			shellPath = /bin/sh;
			shellScript = "\"${PODS_ROOT}/Target Support Files/Pods-IOS_Assignment2_ToDoApp/Pods-IOS_Assignment2_ToDoApp-frameworks.sh\"\n";
			showEnvVarsInLog = 0;
		};
/* End PBXShellScriptBuildPhase section */

/* Begin PBXSourcesBuildPhase section */
		694E73C6239646A800410977 /* Sources */ = {
			isa = PBXSourcesBuildPhase;
			buildActionMask = 2147483647;
			files = (
				69F9EAE423986199006D51D1 /* MainViewController.swift in Sources */,
				69F9EAE223985CBE006D51D1 /* SignUpViewController.swift in Sources */,
				694E73D2239646A800410977 /* ViewController.swift in Sources */,
				694E73CE239646A800410977 /* AppDelegate.swift in Sources */,
				694E73D0239646A800410977 /* SceneDelegate.swift in Sources */,
				69F9EAE623987429006D51D1 /* AddDiscrptionViewController.swift in Sources */,
			);
			runOnlyForDeploymentPostprocessing = 0;
		};
/* End PBXSourcesBuildPhase section */

/* Begin PBXVariantGroup section */
		694E73D3239646A800410977 /* Main.storyboard */ = {
			isa = PBXVariantGroup;
			children = (
				694E73D4239646A800410977 /* Base */,
			);
			name = Main.storyboard;
			sourceTree = "<group>";
		};
		694E73D8239646AA00410977 /* LaunchScreen.storyboard */ = {
			isa = PBXVariantGroup;
			children = (
				694E73D9239646AA00410977 /* Base */,
			);
			name = LaunchScreen.storyboard;
			sourceTree = "<group>";
		};
/* End PBXVariantGroup section */

/* Begin XCBuildConfiguration section */
		694E73DC239646AA00410977 /* Debug */ = {
			isa = XCBuildConfiguration;
			buildSettings = {
				ALWAYS_SEARCH_USER_PATHS = NO;
				CLANG_ANALYZER_NONNULL = YES;
				CLANG_ANALYZER_NUMBER_OBJECT_CONVERSION = YES_AGGRESSIVE;
				CLANG_CXX_LANGUAGE_STANDARD = "gnu++14";
				CLANG_CXX_LIBRARY = "libc++";
				CLANG_ENABLE_MODULES = YES;
				CLANG_ENABLE_OBJC_ARC = YES;
				CLANG_ENABLE_OBJC_WEAK = YES;
				CLANG_WARN_BLOCK_CAPTURE_AUTORELEASING = YES;
				CLANG_WARN_BOOL_CONVERSION = YES;
				CLANG_WARN_COMMA = YES;
				CLANG_WARN_CONSTANT_CONVERSION = YES;
				CLANG_WARN_DEPRECATED_OBJC_IMPLEMENTATIONS = YES;
				CLANG_WARN_DIRECT_OBJC_ISA_USAGE = YES_ERROR;
				CLANG_WARN_DOCUMENTATION_COMMENTS = YES;
				CLANG_WARN_EMPTY_BODY = YES;
				CLANG_WARN_ENUM_CONVERSION = YES;
				CLANG_WARN_INFINITE_RECURSION = YES;
				CLANG_WARN_INT_CONVERSION = YES;
				CLANG_WARN_NON_LITERAL_NULL_CONVERSION = YES;
				CLANG_WARN_OBJC_IMPLICIT_RETAIN_SELF = YES;
				CLANG_WARN_OBJC_LITERAL_CONVERSION = YES;
				CLANG_WARN_OBJC_ROOT_CLASS = YES_ERROR;
				CLANG_WARN_RANGE_LOOP_ANALYSIS = YES;
				CLANG_WARN_STRICT_PROTOTYPES = YES;
				CLANG_WARN_SUSPICIOUS_MOVE = YES;
				CLANG_WARN_UNGUARDED_AVAILABILITY = YES_AGGRESSIVE;
				CLANG_WARN_UNREACHABLE_CODE = YES;
				CLANG_WARN__DUPLICATE_METHOD_MATCH = YES;
				COPY_PHASE_STRIP = NO;
				DEBUG_INFORMATION_FORMAT = dwarf;
				ENABLE_STRICT_OBJC_MSGSEND = YES;
				ENABLE_TESTABILITY = YES;
				GCC_C_LANGUAGE_STANDARD = gnu11;
				GCC_DYNAMIC_NO_PIC = NO;
				GCC_NO_COMMON_BLOCKS = YES;
				GCC_OPTIMIZATION_LEVEL = 0;
				GCC_PREPROCESSOR_DEFINITIONS = (
					"DEBUG=1",
					"$(inherited)",
				);
				GCC_WARN_64_TO_32_BIT_CONVERSION = YES;
				GCC_WARN_ABOUT_RETURN_TYPE = YES_ERROR;
				GCC_WARN_UNDECLARED_SELECTOR = YES;
				GCC_WARN_UNINITIALIZED_AUTOS = YES_AGGRESSIVE;
				GCC_WARN_UNUSED_FUNCTION = YES;
				GCC_WARN_UNUSED_VARIABLE = YES;
				IPHONEOS_DEPLOYMENT_TARGET = 13.1;
				MTL_ENABLE_DEBUG_INFO = INCLUDE_SOURCE;
				MTL_FAST_MATH = YES;
				ONLY_ACTIVE_ARCH = YES;
				SDKROOT = iphoneos;
				SWIFT_ACTIVE_COMPILATION_CONDITIONS = DEBUG;
				SWIFT_OPTIMIZATION_LEVEL = "-Onone";
			};
			name = Debug;
		};
		694E73DD239646AA00410977 /* Release */ = {
			isa = XCBuildConfiguration;
			buildSettings = {
				ALWAYS_SEARCH_USER_PATHS = NO;
				CLANG_ANALYZER_NONNULL = YES;
				CLANG_ANALYZER_NUMBER_OBJECT_CONVERSION = YES_AGGRESSIVE;
				CLANG_CXX_LANGUAGE_STANDARD = "gnu++14";
				CLANG_CXX_LIBRARY = "libc++";
				CLANG_ENABLE_MODULES = YES;
				CLANG_ENABLE_OBJC_ARC = YES;
				CLANG_ENABLE_OBJC_WEAK = YES;
				CLANG_WARN_BLOCK_CAPTURE_AUTORELEASING = YES;
				CLANG_WARN_BOOL_CONVERSION = YES;
				CLANG_WARN_COMMA = YES;
				CLANG_WARN_CONSTANT_CONVERSION = YES;
				CLANG_WARN_DEPRECATED_OBJC_IMPLEMENTATIONS = YES;
				CLANG_WARN_DIRECT_OBJC_ISA_USAGE = YES_ERROR;
				CLANG_WARN_DOCUMENTATION_COMMENTS = YES;
				CLANG_WARN_EMPTY_BODY = YES;
				CLANG_WARN_ENUM_CONVERSION = YES;
				CLANG_WARN_INFINITE_RECURSION = YES;
				CLANG_WARN_INT_CONVERSION = YES;
				CLANG_WARN_NON_LITERAL_NULL_CONVERSION = YES;
				CLANG_WARN_OBJC_IMPLICIT_RETAIN_SELF = YES;
				CLANG_WARN_OBJC_LITERAL_CONVERSION = YES;
				CLANG_WARN_OBJC_ROOT_CLASS = YES_ERROR;
				CLANG_WARN_RANGE_LOOP_ANALYSIS = YES;
				CLANG_WARN_STRICT_PROTOTYPES = YES;
				CLANG_WARN_SUSPICIOUS_MOVE = YES;
				CLANG_WARN_UNGUARDED_AVAILABILITY = YES_AGGRESSIVE;
				CLANG_WARN_UNREACHABLE_CODE = YES;
				CLANG_WARN__DUPLICATE_METHOD_MATCH = YES;
				COPY_PHASE_STRIP = NO;
				DEBUG_INFORMATION_FORMAT = "dwarf-with-dsym";
				ENABLE_NS_ASSERTIONS = NO;
				ENABLE_STRICT_OBJC_MSGSEND = YES;
				GCC_C_LANGUAGE_STANDARD = gnu11;
				GCC_NO_COMMON_BLOCKS = YES;
				GCC_WARN_64_TO_32_BIT_CONVERSION = YES;
				GCC_WARN_ABOUT_RETURN_TYPE = YES_ERROR;
				GCC_WARN_UNDECLARED_SELECTOR = YES;
				GCC_WARN_UNINITIALIZED_AUTOS = YES_AGGRESSIVE;
				GCC_WARN_UNUSED_FUNCTION = YES;
				GCC_WARN_UNUSED_VARIABLE = YES;
				IPHONEOS_DEPLOYMENT_TARGET = 13.1;
				MTL_ENABLE_DEBUG_INFO = NO;
				MTL_FAST_MATH = YES;
				SDKROOT = iphoneos;
				SWIFT_COMPILATION_MODE = wholemodule;
				SWIFT_OPTIMIZATION_LEVEL = "-O";
				VALIDATE_PRODUCT = YES;
			};
			name = Release;
		};
		694E73DF239646AA00410977 /* Debug */ = {
			isa = XCBuildConfiguration;
			baseConfigurationReference = 6FBC65E1C7499C5D915F2F63 /* Pods-IOS_Assignment2_ToDoApp.debug.xcconfig */;
			buildSettings = {
				ASSETCATALOG_COMPILER_APPICON_NAME = AppIcon;
				CODE_SIGN_STYLE = Automatic;
				DEVELOPMENT_TEAM = 2BULHRS882;
				INFOPLIST_FILE = IOS_Assignment2_ToDoApp/Info.plist;
				LD_RUNPATH_SEARCH_PATHS = (
					"$(inherited)",
					"@executable_path/Frameworks",
				);
				PRODUCT_BUNDLE_IDENTIFIER = "ca.centannialcollege.IOS-Assignment2-ToDoApp";
				PRODUCT_NAME = "$(TARGET_NAME)";
				SWIFT_VERSION = 5.0;
				TARGETED_DEVICE_FAMILY = "1,2";
			};
			name = Debug;
		};
		694E73E0239646AA00410977 /* Release */ = {
			isa = XCBuildConfiguration;
			baseConfigurationReference = 641A931DA6D53947B7087958 /* Pods-IOS_Assignment2_ToDoApp.release.xcconfig */;
			buildSettings = {
				ASSETCATALOG_COMPILER_APPICON_NAME = AppIcon;
				CODE_SIGN_STYLE = Automatic;
				DEVELOPMENT_TEAM = 2BULHRS882;
				INFOPLIST_FILE = IOS_Assignment2_ToDoApp/Info.plist;
				LD_RUNPATH_SEARCH_PATHS = (
					"$(inherited)",
					"@executable_path/Frameworks",
				);
				PRODUCT_BUNDLE_IDENTIFIER = "ca.centannialcollege.IOS-Assignment2-ToDoApp";
				PRODUCT_NAME = "$(TARGET_NAME)";
				SWIFT_VERSION = 5.0;
				TARGETED_DEVICE_FAMILY = "1,2";
			};
			name = Release;
		};
/* End XCBuildConfiguration section */

/* Begin XCConfigurationList section */
		694E73C5239646A800410977 /* Build configuration list for PBXProject "IOS_Assignment2_ToDoApp" */ = {
			isa = XCConfigurationList;
			buildConfigurations = (
				694E73DC239646AA00410977 /* Debug */,
				694E73DD239646AA00410977 /* Release */,
			);
			defaultConfigurationIsVisible = 0;
			defaultConfigurationName = Release;
		};
		694E73DE239646AA00410977 /* Build configuration list for PBXNativeTarget "IOS_Assignment2_ToDoApp" */ = {
			isa = XCConfigurationList;
			buildConfigurations = (
				694E73DF239646AA00410977 /* Debug */,
				694E73E0239646AA00410977 /* Release */,
			);
			defaultConfigurationIsVisible = 0;
			defaultConfigurationName = Release;
		};
/* End XCConfigurationList section */
	};
	rootObject = 694E73C2239646A800410977 /* Project object */;
}
